
Microsoft Visual Studio Solution File, Format Version 12.00
Project("{FAE04EC0-301F-11D3-BF4B-00C04F79EFBC}") = "STATests", "STATests\STATests.csproj", "{55EFEA6F-E421-486D-8421-2C5EFA280EE0}"
EndProject
Global
	GlobalSection(SolutionConfigurationPlatforms) = preSolution
		Debug|Any CPU = Debug|Any CPU
		Release|Any CPU = Release|Any CPU
	EndGlobalSection
	GlobalSection(ProjectConfigurationPlatforms) = postSolution
		{55EFEA6F-E421-486D-8421-2C5EFA280EE0}.Debug|Any CPU.ActiveCfg = Debug|Any CPU
		{55EFEA6F-E421-486D-8421-2C5EFA280EE0}.Debug|Any CPU.Build.0 = Debug|Any CPU
		{55EFEA6F-E421-486D-8421-2C5EFA280EE0}.Release|Any CPU.ActiveCfg = Release|Any CPU
		{55EFEA6F-E421-486D-8421-2C5EFA280EE0}.Release|Any CPU.Build.0 = Release|Any CPU
	EndGlobalSection
EndGlobal
