
Microsoft Visual Studio Solution File, Format Version 12.00
Project("{FAE04EC0-301F-11D3-BF4B-00C04F79EFBC}") = "STATests", "STATests\STATests.csproj", "{E1C5C898-6C54-495E-9366-BFB61B51A5B7}"
EndProject
Project("{FAE04EC0-301F-11D3-BF4B-00C04F79EFBC}") = "STATestsXUnit", "STATestsXUnit\STATestsXUnit.csproj", "{E53CEB6D-38E7-44A4-9B1D-790F53881E8E}"
EndProject
Global
	GlobalSection(SolutionConfigurationPlatforms) = preSolution
		Debug|Any CPU = Debug|Any CPU
		Release|Any CPU = Release|Any CPU
	EndGlobalSection
	GlobalSection(ProjectConfigurationPlatforms) = postSolution
		{E1C5C898-6C54-495E-9366-BFB61B51A5B7}.Debug|Any CPU.ActiveCfg = Debug|Any CPU
		{E1C5C898-6C54-495E-9366-BFB61B51A5B7}.Debug|Any CPU.Build.0 = Debug|Any CPU
		{E1C5C898-6C54-495E-9366-BFB61B51A5B7}.Release|Any CPU.ActiveCfg = Release|Any CPU
		{E1C5C898-6C54-495E-9366-BFB61B51A5B7}.Release|Any CPU.Build.0 = Release|Any CPU
		{E53CEB6D-38E7-44A4-9B1D-790F53881E8E}.Debug|Any CPU.ActiveCfg = Debug|Any CPU
		{E53CEB6D-38E7-44A4-9B1D-790F53881E8E}.Debug|Any CPU.Build.0 = Debug|Any CPU
		{E53CEB6D-38E7-44A4-9B1D-790F53881E8E}.Release|Any CPU.ActiveCfg = Release|Any CPU
		{E53CEB6D-38E7-44A4-9B1D-790F53881E8E}.Release|Any CPU.Build.0 = Release|Any CPU
	EndGlobalSection
EndGlobal
